
Microsoft Visual Studio Solution File, Format Version 12.00
# Visual Studio Version 16
VisualStudioVersion = 16.0.29926.136
MinimumVisualStudioVersion = 10.0.40219.1
Project("{9A19103F-16F7-4668-BE54-9A1E7A4F7556}") = "RotaRandomizer", "TDDRotaRandomizer\RotaRandomizer.csproj", "{76D578D0-4B37-4E7D-98DE-F5E056BFCDCC}"
EndProject
Global
	GlobalSection(SolutionConfigurationPlatforms) = preSolution
		Debug|Any CPU = Debug|Any CPU
		Release|Any CPU = Release|Any CPU
	EndGlobalSection
	GlobalSection(ProjectConfigurationPlatforms) = postSolution
		{76D578D0-4B37-4E7D-98DE-F5E056BFCDCC}.Debug|Any CPU.ActiveCfg = Debug|Any CPU
		{76D578D0-4B37-4E7D-98DE-F5E056BFCDCC}.Debug|Any CPU.Build.0 = Debug|Any CPU
		{76D578D0-4B37-4E7D-98DE-F5E056BFCDCC}.Release|Any CPU.ActiveCfg = Release|Any CPU
		{76D578D0-4B37-4E7D-98DE-F5E056BFCDCC}.Release|Any CPU.Build.0 = Release|Any CPU
	EndGlobalSection
	GlobalSection(SolutionProperties) = preSolution
		HideSolutionNode = FALSE
	EndGlobalSection
	GlobalSection(ExtensibilityGlobals) = postSolution
		SolutionGuid = {24334A0E-17EF-44AE-8298-7F3FC12809F6}
	EndGlobalSection
EndGlobal
